
Microsoft Visual Studio Solution File, Format Version 12.00
# Visual Studio Version 16
VisualStudioVersion = 16.0.29613.14
MinimumVisualStudioVersion = 10.0.40219.1
Project("{9A19103F-16F7-4668-BE54-9A1E7A4F7556}") = "MVCWebUI", "MVCWebUI\MVCWebUI.csproj", "{C823F6B4-D3A6-40C2-83FF-4F66E163F546}"
EndProject
Project("{9A19103F-16F7-4668-BE54-9A1E7A4F7556}") = "HillLabTestEntities", "..\..\HillLabTest\HillLabTestEntities\HillLabTestEntities.csproj", "{47E8113A-33C6-4200-B7FA-2CFD7DAC0027}"
EndProject
Project("{9A19103F-16F7-4668-BE54-9A1E7A4F7556}") = "XUnitTest", "XUnitTest\XUnitTest.csproj", "{A2795C44-A40E-4703-928D-65FCCD83ED3E}"
EndProject
Global
	GlobalSection(SolutionConfigurationPlatforms) = preSolution
		Debug|Any CPU = Debug|Any CPU
		Release|Any CPU = Release|Any CPU
	EndGlobalSection
	GlobalSection(ProjectConfigurationPlatforms) = postSolution
		{C823F6B4-D3A6-40C2-83FF-4F66E163F546}.Debug|Any CPU.ActiveCfg = Debug|Any CPU
		{C823F6B4-D3A6-40C2-83FF-4F66E163F546}.Debug|Any CPU.Build.0 = Debug|Any CPU
		{C823F6B4-D3A6-40C2-83FF-4F66E163F546}.Release|Any CPU.ActiveCfg = Release|Any CPU
		{C823F6B4-D3A6-40C2-83FF-4F66E163F546}.Release|Any CPU.Build.0 = Release|Any CPU
		{47E8113A-33C6-4200-B7FA-2CFD7DAC0027}.Debug|Any CPU.ActiveCfg = Debug|Any CPU
		{47E8113A-33C6-4200-B7FA-2CFD7DAC0027}.Debug|Any CPU.Build.0 = Debug|Any CPU
		{47E8113A-33C6-4200-B7FA-2CFD7DAC0027}.Release|Any CPU.ActiveCfg = Release|Any CPU
		{47E8113A-33C6-4200-B7FA-2CFD7DAC0027}.Release|Any CPU.Build.0 = Release|Any CPU
		{A2795C44-A40E-4703-928D-65FCCD83ED3E}.Debug|Any CPU.ActiveCfg = Debug|Any CPU
		{A2795C44-A40E-4703-928D-65FCCD83ED3E}.Debug|Any CPU.Build.0 = Debug|Any CPU
		{A2795C44-A40E-4703-928D-65FCCD83ED3E}.Release|Any CPU.ActiveCfg = Release|Any CPU
		{A2795C44-A40E-4703-928D-65FCCD83ED3E}.Release|Any CPU.Build.0 = Release|Any CPU
	EndGlobalSection
	GlobalSection(SolutionProperties) = preSolution
		HideSolutionNode = FALSE
	EndGlobalSection
	GlobalSection(ExtensibilityGlobals) = postSolution
		SolutionGuid = {DD736D76-DBEA-4923-9295-52710595B263}
	EndGlobalSection
EndGlobal
